
Microsoft Visual Studio Solution File, Format Version 12.00
# Visual Studio 15
VisualStudioVersion = 15.0.28307.705
MinimumVisualStudioVersion = 10.0.40219.1
Project("{9A19103F-16F7-4668-BE54-9A1E7A4F7556}") = "Send", "Send\Send.csproj", "{F70A5E5C-96F9-470A-B950-034773D3C80F}"
EndProject
Project("{2150E333-8FDC-42A3-9474-1A3956D46DE8}") = "HelloWorld", "HelloWorld", "{A248B61F-92C1-436C-8021-71226E199AD0}"
EndProject
Project("{9A19103F-16F7-4668-BE54-9A1E7A4F7556}") = "Receive", "Receive\Receive.csproj", "{9CF0EC9D-E397-41EF-B8AD-21ED3C9A627B}"
EndProject
Project("{2150E333-8FDC-42A3-9474-1A3956D46DE8}") = "WorkQueues", "WorkQueues", "{17CFC276-11BB-4585-A896-118F133AB540}"
EndProject
Project("{9A19103F-16F7-4668-BE54-9A1E7A4F7556}") = "NewTask", "NewTask\NewTask.csproj", "{A5B1B56E-9EDC-419E-A195-6C2076A5E694}"
EndProject
Project("{9A19103F-16F7-4668-BE54-9A1E7A4F7556}") = "Worker", "Worker\Worker.csproj", "{D633B70C-D51F-4314-BDF8-A61FD61976F8}"
EndProject
Project("{2150E333-8FDC-42A3-9474-1A3956D46DE8}") = "Publish", "Publish", "{02CD07C7-E6B8-4116-A731-BE2D5C4A07B2}"
EndProject
Project("{9A19103F-16F7-4668-BE54-9A1E7A4F7556}") = "EmitLog", "EmitLog\EmitLog.csproj", "{94C8B07E-11A7-4EB9-88DC-9504E82D3526}"
EndProject
Project("{9A19103F-16F7-4668-BE54-9A1E7A4F7556}") = "ReceiveLogs", "ReceiveLogs\ReceiveLogs.csproj", "{69442983-A0FB-4ABE-924B-20A741652984}"
EndProject
Project("{2150E333-8FDC-42A3-9474-1A3956D46DE8}") = "Routing", "Routing", "{E0B74073-D71E-49EC-8033-14C37FA5C5E2}"
EndProject
Project("{FAE04EC0-301F-11D3-BF4B-00C04F79EFBC}") = "EmitLogDirect", "EmitLogDirect\EmitLogDirect.csproj", "{CCD89393-A129-4DCC-A1E3-B63F72954556}"
EndProject
Project("{FAE04EC0-301F-11D3-BF4B-00C04F79EFBC}") = "ReceiveLogsDirect", "ReceiveLogsDirect\ReceiveLogsDirect.csproj", "{1829C90E-07A6-4D47-B291-36A46D68D69B}"
EndProject
Global
	GlobalSection(SolutionConfigurationPlatforms) = preSolution
		Debug|Any CPU = Debug|Any CPU
		Release|Any CPU = Release|Any CPU
	EndGlobalSection
	GlobalSection(ProjectConfigurationPlatforms) = postSolution
		{F70A5E5C-96F9-470A-B950-034773D3C80F}.Debug|Any CPU.ActiveCfg = Debug|Any CPU
		{F70A5E5C-96F9-470A-B950-034773D3C80F}.Debug|Any CPU.Build.0 = Debug|Any CPU
		{F70A5E5C-96F9-470A-B950-034773D3C80F}.Release|Any CPU.ActiveCfg = Release|Any CPU
		{F70A5E5C-96F9-470A-B950-034773D3C80F}.Release|Any CPU.Build.0 = Release|Any CPU
		{9CF0EC9D-E397-41EF-B8AD-21ED3C9A627B}.Debug|Any CPU.ActiveCfg = Debug|Any CPU
		{9CF0EC9D-E397-41EF-B8AD-21ED3C9A627B}.Debug|Any CPU.Build.0 = Debug|Any CPU
		{9CF0EC9D-E397-41EF-B8AD-21ED3C9A627B}.Release|Any CPU.ActiveCfg = Release|Any CPU
		{9CF0EC9D-E397-41EF-B8AD-21ED3C9A627B}.Release|Any CPU.Build.0 = Release|Any CPU
		{A5B1B56E-9EDC-419E-A195-6C2076A5E694}.Debug|Any CPU.ActiveCfg = Debug|Any CPU
		{A5B1B56E-9EDC-419E-A195-6C2076A5E694}.Debug|Any CPU.Build.0 = Debug|Any CPU
		{A5B1B56E-9EDC-419E-A195-6C2076A5E694}.Release|Any CPU.ActiveCfg = Release|Any CPU
		{A5B1B56E-9EDC-419E-A195-6C2076A5E694}.Release|Any CPU.Build.0 = Release|Any CPU
		{D633B70C-D51F-4314-BDF8-A61FD61976F8}.Debug|Any CPU.ActiveCfg = Debug|Any CPU
		{D633B70C-D51F-4314-BDF8-A61FD61976F8}.Debug|Any CPU.Build.0 = Debug|Any CPU
		{D633B70C-D51F-4314-BDF8-A61FD61976F8}.Release|Any CPU.ActiveCfg = Release|Any CPU
		{D633B70C-D51F-4314-BDF8-A61FD61976F8}.Release|Any CPU.Build.0 = Release|Any CPU
		{94C8B07E-11A7-4EB9-88DC-9504E82D3526}.Debug|Any CPU.ActiveCfg = Debug|Any CPU
		{94C8B07E-11A7-4EB9-88DC-9504E82D3526}.Debug|Any CPU.Build.0 = Debug|Any CPU
		{94C8B07E-11A7-4EB9-88DC-9504E82D3526}.Release|Any CPU.ActiveCfg = Release|Any CPU
		{94C8B07E-11A7-4EB9-88DC-9504E82D3526}.Release|Any CPU.Build.0 = Release|Any CPU
		{69442983-A0FB-4ABE-924B-20A741652984}.Debug|Any CPU.ActiveCfg = Debug|Any CPU
		{69442983-A0FB-4ABE-924B-20A741652984}.Debug|Any CPU.Build.0 = Debug|Any CPU
		{69442983-A0FB-4ABE-924B-20A741652984}.Release|Any CPU.ActiveCfg = Release|Any CPU
		{69442983-A0FB-4ABE-924B-20A741652984}.Release|Any CPU.Build.0 = Release|Any CPU
		{CCD89393-A129-4DCC-A1E3-B63F72954556}.Debug|Any CPU.ActiveCfg = Debug|Any CPU
		{CCD89393-A129-4DCC-A1E3-B63F72954556}.Debug|Any CPU.Build.0 = Debug|Any CPU
		{CCD89393-A129-4DCC-A1E3-B63F72954556}.Release|Any CPU.ActiveCfg = Release|Any CPU
		{CCD89393-A129-4DCC-A1E3-B63F72954556}.Release|Any CPU.Build.0 = Release|Any CPU
		{1829C90E-07A6-4D47-B291-36A46D68D69B}.Debug|Any CPU.ActiveCfg = Debug|Any CPU
		{1829C90E-07A6-4D47-B291-36A46D68D69B}.Debug|Any CPU.Build.0 = Debug|Any CPU
		{1829C90E-07A6-4D47-B291-36A46D68D69B}.Release|Any CPU.ActiveCfg = Release|Any CPU
		{1829C90E-07A6-4D47-B291-36A46D68D69B}.Release|Any CPU.Build.0 = Release|Any CPU
	EndGlobalSection
	GlobalSection(SolutionProperties) = preSolution
		HideSolutionNode = FALSE
	EndGlobalSection
	GlobalSection(NestedProjects) = preSolution
		{F70A5E5C-96F9-470A-B950-034773D3C80F} = {A248B61F-92C1-436C-8021-71226E199AD0}
		{9CF0EC9D-E397-41EF-B8AD-21ED3C9A627B} = {A248B61F-92C1-436C-8021-71226E199AD0}
		{A5B1B56E-9EDC-419E-A195-6C2076A5E694} = {17CFC276-11BB-4585-A896-118F133AB540}
		{D633B70C-D51F-4314-BDF8-A61FD61976F8} = {17CFC276-11BB-4585-A896-118F133AB540}
		{94C8B07E-11A7-4EB9-88DC-9504E82D3526} = {02CD07C7-E6B8-4116-A731-BE2D5C4A07B2}
		{69442983-A0FB-4ABE-924B-20A741652984} = {02CD07C7-E6B8-4116-A731-BE2D5C4A07B2}
		{CCD89393-A129-4DCC-A1E3-B63F72954556} = {E0B74073-D71E-49EC-8033-14C37FA5C5E2}
		{1829C90E-07A6-4D47-B291-36A46D68D69B} = {E0B74073-D71E-49EC-8033-14C37FA5C5E2}
	EndGlobalSection
	GlobalSection(ExtensibilityGlobals) = postSolution
		SolutionGuid = {34615C95-A99E-4600-A505-E56BB94832CC}
	EndGlobalSection
EndGlobal
